
Microsoft Visual Studio Solution File, Format Version 12.00
# Visual Studio Version 17
VisualStudioVersion = 17.4.33122.133
MinimumVisualStudioVersion = 10.0.40219.1
Project("{FAE04EC0-301F-11D3-BF4B-00C04F79EFBC}") = "Il Paroliere", "Il Paroliere.csproj", "{C6B7E8A3-D30B-4046-8F7F-F3E1BD2EBB94}"
EndProject
Global
	GlobalSection(SolutionConfigurationPlatforms) = preSolution
		Debug|Any CPU = Debug|Any CPU
		Release|Any CPU = Release|Any CPU
	EndGlobalSection
	GlobalSection(ProjectConfigurationPlatforms) = postSolution
		{C6B7E8A3-D30B-4046-8F7F-F3E1BD2EBB94}.Debug|Any CPU.ActiveCfg = Debug|Any CPU
		{C6B7E8A3-D30B-4046-8F7F-F3E1BD2EBB94}.Debug|Any CPU.Build.0 = Debug|Any CPU
		{C6B7E8A3-D30B-4046-8F7F-F3E1BD2EBB94}.Release|Any CPU.ActiveCfg = Release|Any CPU
		{C6B7E8A3-D30B-4046-8F7F-F3E1BD2EBB94}.Release|Any CPU.Build.0 = Release|Any CPU
	EndGlobalSection
	GlobalSection(SolutionProperties) = preSolution
		HideSolutionNode = FALSE
	EndGlobalSection
	GlobalSection(ExtensibilityGlobals) = postSolution
		SolutionGuid = {B2BB690A-3CB1-4962-838D-36B6FE320272}
	EndGlobalSection
EndGlobal
